
Microsoft Visual Studio Solution File, Format Version 12.00
# Visual Studio Version 16
VisualStudioVersion = 16.0.32126.315
MinimumVisualStudioVersion = 10.0.40219.1
Project("{9A19103F-16F7-4668-BE54-9A1E7A4F7556}") = "02. Repeat Strings", "02. Repeat Strings\02. Repeat Strings.csproj", "{CAE81126-21DD-4A95-B42B-7C272C43D3CC}"
EndProject
Project("{9A19103F-16F7-4668-BE54-9A1E7A4F7556}") = "03. Substring", "03. Substring\03. Substring.csproj", "{343B9B39-CAAF-42A1-8979-BF9DF8BBBBCC}"
EndProject
Project("{9A19103F-16F7-4668-BE54-9A1E7A4F7556}") = "04. Text Filter", "04. Text Filter\04. Text Filter.csproj", "{06BBDE9D-FB8D-4ED1-A85E-1FFD089D5213}"
EndProject
Project("{FAE04EC0-301F-11D3-BF4B-00C04F79EFBC}") = "05. Digits, Letters and Other", "ConsoleApp1\05. Digits, Letters and Other.csproj", "{A35497F4-2252-4759-B4AC-11B8BB3465B3}"
EndProject
Project("{FAE04EC0-301F-11D3-BF4B-00C04F79EFBC}") = "01. Reverse Strings", "01. Reverse Strings\01. Reverse Strings.csproj", "{9892266F-EF04-42F5-9F01-3D220E276BA1}"
EndProject
Project("{FAE04EC0-301F-11D3-BF4B-00C04F79EFBC}") = "Imitation Game", "Imitation Game\Imitation Game.csproj", "{69867126-5823-4EE6-9C35-E1104F5F3579}"
EndProject
Project("{FAE04EC0-301F-11D3-BF4B-00C04F79EFBC}") = "World Tour", "World Tour\World Tour.csproj", "{CCB5E914-C485-4C53-BB45-5C6221CFBBB9}"
EndProject
Global
	GlobalSection(SolutionConfigurationPlatforms) = preSolution
		Debug|Any CPU = Debug|Any CPU
		Release|Any CPU = Release|Any CPU
	EndGlobalSection
	GlobalSection(ProjectConfigurationPlatforms) = postSolution
		{CAE81126-21DD-4A95-B42B-7C272C43D3CC}.Debug|Any CPU.ActiveCfg = Debug|Any CPU
		{CAE81126-21DD-4A95-B42B-7C272C43D3CC}.Debug|Any CPU.Build.0 = Debug|Any CPU
		{CAE81126-21DD-4A95-B42B-7C272C43D3CC}.Release|Any CPU.ActiveCfg = Release|Any CPU
		{CAE81126-21DD-4A95-B42B-7C272C43D3CC}.Release|Any CPU.Build.0 = Release|Any CPU
		{343B9B39-CAAF-42A1-8979-BF9DF8BBBBCC}.Debug|Any CPU.ActiveCfg = Debug|Any CPU
		{343B9B39-CAAF-42A1-8979-BF9DF8BBBBCC}.Debug|Any CPU.Build.0 = Debug|Any CPU
		{343B9B39-CAAF-42A1-8979-BF9DF8BBBBCC}.Release|Any CPU.ActiveCfg = Release|Any CPU
		{343B9B39-CAAF-42A1-8979-BF9DF8BBBBCC}.Release|Any CPU.Build.0 = Release|Any CPU
		{06BBDE9D-FB8D-4ED1-A85E-1FFD089D5213}.Debug|Any CPU.ActiveCfg = Debug|Any CPU
		{06BBDE9D-FB8D-4ED1-A85E-1FFD089D5213}.Debug|Any CPU.Build.0 = Debug|Any CPU
		{06BBDE9D-FB8D-4ED1-A85E-1FFD089D5213}.Release|Any CPU.ActiveCfg = Release|Any CPU
		{06BBDE9D-FB8D-4ED1-A85E-1FFD089D5213}.Release|Any CPU.Build.0 = Release|Any CPU
		{A35497F4-2252-4759-B4AC-11B8BB3465B3}.Debug|Any CPU.ActiveCfg = Debug|Any CPU
		{A35497F4-2252-4759-B4AC-11B8BB3465B3}.Debug|Any CPU.Build.0 = Debug|Any CPU
		{A35497F4-2252-4759-B4AC-11B8BB3465B3}.Release|Any CPU.ActiveCfg = Release|Any CPU
		{A35497F4-2252-4759-B4AC-11B8BB3465B3}.Release|Any CPU.Build.0 = Release|Any CPU
		{9892266F-EF04-42F5-9F01-3D220E276BA1}.Debug|Any CPU.ActiveCfg = Debug|Any CPU
		{9892266F-EF04-42F5-9F01-3D220E276BA1}.Debug|Any CPU.Build.0 = Debug|Any CPU
		{9892266F-EF04-42F5-9F01-3D220E276BA1}.Release|Any CPU.ActiveCfg = Release|Any CPU
		{9892266F-EF04-42F5-9F01-3D220E276BA1}.Release|Any CPU.Build.0 = Release|Any CPU
		{69867126-5823-4EE6-9C35-E1104F5F3579}.Debug|Any CPU.ActiveCfg = Debug|Any CPU
		{69867126-5823-4EE6-9C35-E1104F5F3579}.Debug|Any CPU.Build.0 = Debug|Any CPU
		{69867126-5823-4EE6-9C35-E1104F5F3579}.Release|Any CPU.ActiveCfg = Release|Any CPU
		{69867126-5823-4EE6-9C35-E1104F5F3579}.Release|Any CPU.Build.0 = Release|Any CPU
		{CCB5E914-C485-4C53-BB45-5C6221CFBBB9}.Debug|Any CPU.ActiveCfg = Debug|Any CPU
		{CCB5E914-C485-4C53-BB45-5C6221CFBBB9}.Debug|Any CPU.Build.0 = Debug|Any CPU
		{CCB5E914-C485-4C53-BB45-5C6221CFBBB9}.Release|Any CPU.ActiveCfg = Release|Any CPU
		{CCB5E914-C485-4C53-BB45-5C6221CFBBB9}.Release|Any CPU.Build.0 = Release|Any CPU
	EndGlobalSection
	GlobalSection(SolutionProperties) = preSolution
		HideSolutionNode = FALSE
	EndGlobalSection
	GlobalSection(ExtensibilityGlobals) = postSolution
		SolutionGuid = {CBF2DE29-0F82-4851-91C3-4EF63E3C60CB}
	EndGlobalSection
EndGlobal
